{
  "originHash" : "fe7b4843235867ca5bcafabf451a1f0b14c19f4d6cc03f3a18bba0edfcb15b4f",
  "pins" : [
    {
      "identity" : "semaphore",
      "kind" : "remoteSourceControl",
      "location" : "https://github.com/groue/Semaphore",
      "state" : {
        "revision" : "2543679282aa6f6c8ecf2138acd613ed20790bc2",
        "version" : "0.1.0"
      }
    },
    {
      "identity" : "swift-log",
      "kind" : "remoteSourceControl",
      "location" : "https://github.com/apple/swift-log.git",
      "state" : {
        "revision" : "ce592ae52f982c847a4efc0dd881cc9eb32d29f2",
        "version" : "1.6.4"
      }
    },
    {
      "identity" : "swiftkeychain",
      "kind" : "remoteSourceControl",
      "location" : "https://github.com/slidoapp/SwiftKeychain",
      "state" : {
        "revision" : "c322d47aced9207f0f01082f2c316df5aa611d6f",
        "version" : "2.1.0"
      }
    }
  ],
  "version" : 3
}
