{
  "originHash" : "3e7272bf7c98b4cdae60d2d8850e4e38300f88987738046a1365a9dcd95802c5",
  "pins" : [
    {
      "identity" : "semaphore",
      "kind" : "remoteSourceControl",
      "location" : "https://github.com/groue/Semaphore",
      "state" : {
        "revision" : "2543679282aa6f6c8ecf2138acd613ed20790bc2",
        "version" : "0.1.0"
      }
    },
    {
      "identity" : "swiftkeychain",
      "kind" : "remoteSourceControl",
      "location" : "https://github.com/slidoapp/SwiftKeychain",
      "state" : {
        "revision" : "c322d47aced9207f0f01082f2c316df5aa611d6f",
        "version" : "2.1.0"
      }
    }
  ],
  "version" : 3
}
