{
  "object": {
    "pins": [
      {
        "package": "SwiftKeychain",
        "repositoryURL": "https://github.com/slidoapp/SwiftKeychain.git",
        "state": {
          "branch": null,
          "revision": "43630d4a80915c5393b078e0aa66240a28cd7d97",
          "version": null
        }
      }
    ]
  },
  "version": 1
}
