{
  "object": {
    "pins": [
      {
        "package": "Semaphore",
        "repositoryURL": "https://github.com/groue/Semaphore.git",
        "state": {
          "branch": null,
          "revision": "2543679282aa6f6c8ecf2138acd613ed20790bc2",
          "version": "0.1.0"
        }
      },
      {
        "package": "swift-log",
        "repositoryURL": "https://github.com/apple/swift-log.git",
        "state": {
          "branch": null,
          "revision": "a878e7f8f46cfc0e1125e565b5c08e7d5272dc9a",
          "version": "1.14.0"
        }
      },
      {
        "package": "SwiftKeychain",
        "repositoryURL": "https://github.com/slidoapp/SwiftKeychain.git",
        "state": {
          "branch": null,
          "revision": "c322d47aced9207f0f01082f2c316df5aa611d6f",
          "version": "2.1.0"
        }
      }
    ]
  },
  "version": 1
}
